Microsoft Visual Studio Solution File, Format Version 11.00
# Visual Studio 2008

Project("{F5D57A38-2E01-EC6E-F05F-65E1F72FD487}") = "SpaceApps2016", "Assembly-CSharp-firstpass.csproj", "{2F86E8C3-9A42-1F36-E94C-93E303D98A47}"
EndProject
Project("{F5D57A38-2E01-EC6E-F05F-65E1F72FD487}") = "SpaceApps2016", "Assembly-CSharp.csproj", "{C81837A8-45EB-14D7-7D7A-FECCD5993A54}"
EndProject
Project("{F5D57A38-2E01-EC6E-F05F-65E1F72FD487}") = "SpaceApps2016", "Assembly-CSharp-Editor.csproj", "{0BC479A7-143B-F877-CCDB-F2DAF6AB2E1A}"
EndProject
Global
	GlobalSection(SolutionConfigurationPlatforms) = preSolution
		Debug|Any CPU = Debug|Any CPU
		Release|Any CPU = Release|Any CPU
	EndGlobalSection
	GlobalSection(ProjectConfigurationPlatforms) = postSolution
		{2F86E8C3-9A42-1F36-E94C-93E303D98A47}.Debug|Any CPU.ActiveCfg = Debug|Any CPU
		{2F86E8C3-9A42-1F36-E94C-93E303D98A47}.Debug|Any CPU.Build.0 = Debug|Any CPU
		{2F86E8C3-9A42-1F36-E94C-93E303D98A47}.Release|Any CPU.ActiveCfg = Release|Any CPU
		{2F86E8C3-9A42-1F36-E94C-93E303D98A47}.Release|Any CPU.Build.0 = Release|Any CPU
		{C81837A8-45EB-14D7-7D7A-FECCD5993A54}.Debug|Any CPU.ActiveCfg = Debug|Any CPU
		{C81837A8-45EB-14D7-7D7A-FECCD5993A54}.Debug|Any CPU.Build.0 = Debug|Any CPU
		{C81837A8-45EB-14D7-7D7A-FECCD5993A54}.Release|Any CPU.ActiveCfg = Release|Any CPU
		{C81837A8-45EB-14D7-7D7A-FECCD5993A54}.Release|Any CPU.Build.0 = Release|Any CPU
		{0BC479A7-143B-F877-CCDB-F2DAF6AB2E1A}.Debug|Any CPU.ActiveCfg = Debug|Any CPU
		{0BC479A7-143B-F877-CCDB-F2DAF6AB2E1A}.Debug|Any CPU.Build.0 = Debug|Any CPU
		{0BC479A7-143B-F877-CCDB-F2DAF6AB2E1A}.Release|Any CPU.ActiveCfg = Release|Any CPU
		{0BC479A7-143B-F877-CCDB-F2DAF6AB2E1A}.Release|Any CPU.Build.0 = Release|Any CPU
	EndGlobalSection
	GlobalSection(SolutionProperties) = preSolution
		HideSolutionNode = FALSE
	EndGlobalSection
	GlobalSection(MonoDevelopProperties) = preSolution
		StartupItem = Assembly-CSharp.csproj
	EndGlobalSection
EndGlobal
